
Microsoft Visual Studio Solution File, Format Version 12.00
# Visual Studio Version 17
VisualStudioVersion = 17.13.35825.156 d17.13
MinimumVisualStudioVersion = 10.0.40219.1
Project("{FAE04EC0-301F-11D3-BF4B-00C04F79EFBC}") = "gatorabs.HttpAndLinQ", "gatorabs.HttpAndLinQ\gatorabs.HttpAndLinQ.csproj", "{2C3EE56A-592F-4271-9DE7-8B9BB2A7F2B2}"
EndProject
Global
	GlobalSection(SolutionConfigurationPlatforms) = preSolution
		Debug|Any CPU = Debug|Any CPU
		Release|Any CPU = Release|Any CPU
	EndGlobalSection
	GlobalSection(ProjectConfigurationPlatforms) = postSolution
		{2C3EE56A-592F-4271-9DE7-8B9BB2A7F2B2}.Debug|Any CPU.ActiveCfg = Debug|Any CPU
		{2C3EE56A-592F-4271-9DE7-8B9BB2A7F2B2}.Debug|Any CPU.Build.0 = Debug|Any CPU
		{2C3EE56A-592F-4271-9DE7-8B9BB2A7F2B2}.Release|Any CPU.ActiveCfg = Release|Any CPU
		{2C3EE56A-592F-4271-9DE7-8B9BB2A7F2B2}.Release|Any CPU.Build.0 = Release|Any CPU
	EndGlobalSection
	GlobalSection(SolutionProperties) = preSolution
		HideSolutionNode = FALSE
	EndGlobalSection
	GlobalSection(ExtensibilityGlobals) = postSolution
		SolutionGuid = {B366B499-77F4-4B07-9E0A-FF2E47E49DF2}
	EndGlobalSection
EndGlobal
